
Microsoft Visual Studio Solution File, Format Version 12.00
# Visual Studio Version 16
VisualStudioVersion = 16.0.34301.259
MinimumVisualStudioVersion = 10.0.40219.1
Project("{8BC9CEB8-8B4A-11D0-8D11-00A0C91BC942}") = "tetrisgame", "tetrisgame\tetrisgame.vcxproj", "{309FC11A-7394-4F0E-9327-892200E9E423}"
EndProject
Global
	GlobalSection(SolutionConfigurationPlatforms) = preSolution
		Debug|x64 = Debug|x64
		Debug|x86 = Debug|x86
		Release|x64 = Release|x64
		Release|x86 = Release|x86
	EndGlobalSection
	GlobalSection(ProjectConfigurationPlatforms) = postSolution
		{309FC11A-7394-4F0E-9327-892200E9E423}.Debug|x64.ActiveCfg = Debug|x64
		{309FC11A-7394-4F0E-9327-892200E9E423}.Debug|x64.Build.0 = Debug|x64
		{309FC11A-7394-4F0E-9327-892200E9E423}.Debug|x86.ActiveCfg = Debug|Win32
		{309FC11A-7394-4F0E-9327-892200E9E423}.Debug|x86.Build.0 = Debug|Win32
		{309FC11A-7394-4F0E-9327-892200E9E423}.Release|x64.ActiveCfg = Release|x64
		{309FC11A-7394-4F0E-9327-892200E9E423}.Release|x64.Build.0 = Release|x64
		{309FC11A-7394-4F0E-9327-892200E9E423}.Release|x86.ActiveCfg = Release|Win32
		{309FC11A-7394-4F0E-9327-892200E9E423}.Release|x86.Build.0 = Release|Win32
	EndGlobalSection
	GlobalSection(SolutionProperties) = preSolution
		HideSolutionNode = FALSE
	EndGlobalSection
	GlobalSection(ExtensibilityGlobals) = postSolution
		SolutionGuid = {3D8D72D1-7007-47EC-A4A8-A4D2F6852C65}
	EndGlobalSection
EndGlobal
